
Microsoft Visual Studio Solution File, Format Version 12.00
# Visual Studio Version 17
VisualStudioVersion = 17.14.37411.7 d17.14
MinimumVisualStudioVersion = 10.0.40219.1
Project("{FAE04EC0-301F-11D3-BF4B-00C04F79EFBC}") = "KioskLockApp", "KioskLockApp\KioskLockApp.csproj", "{BD584516-1E34-4C73-8DFD-A0A402295C9F}"
EndProject
Project("{FAE04EC0-301F-11D3-BF4B-00C04F79EFBC}") = "WatchdogService", "ConsoleApp1\WatchdogService.csproj", "{7CF670F8-DE13-4967-98BF-58FB786AC9F0}"
EndProject
Global
	GlobalSection(SolutionConfigurationPlatforms) = preSolution
		Debug|Any CPU = Debug|Any CPU
		Release|Any CPU = Release|Any CPU
	EndGlobalSection
	GlobalSection(ProjectConfigurationPlatforms) = postSolution
		{BD584516-1E34-4C73-8DFD-A0A402295C9F}.Debug|Any CPU.ActiveCfg = Debug|Any CPU
		{BD584516-1E34-4C73-8DFD-A0A402295C9F}.Debug|Any CPU.Build.0 = Debug|Any CPU
		{BD584516-1E34-4C73-8DFD-A0A402295C9F}.Release|Any CPU.ActiveCfg = Release|Any CPU
		{BD584516-1E34-4C73-8DFD-A0A402295C9F}.Release|Any CPU.Build.0 = Release|Any CPU
		{7CF670F8-DE13-4967-98BF-58FB786AC9F0}.Debug|Any CPU.ActiveCfg = Debug|Any CPU
		{7CF670F8-DE13-4967-98BF-58FB786AC9F0}.Debug|Any CPU.Build.0 = Debug|Any CPU
		{7CF670F8-DE13-4967-98BF-58FB786AC9F0}.Release|Any CPU.ActiveCfg = Release|Any CPU
		{7CF670F8-DE13-4967-98BF-58FB786AC9F0}.Release|Any CPU.Build.0 = Release|Any CPU
	EndGlobalSection
	GlobalSection(SolutionProperties) = preSolution
		HideSolutionNode = FALSE
	EndGlobalSection
	GlobalSection(ExtensibilityGlobals) = postSolution
		SolutionGuid = {8BEA4E4F-C310-495B-ADD1-3C2A6E560C67}
	EndGlobalSection
EndGlobal
